// !$*UTF8*$!
{
	archiveVersion = 1;
	classes = {
	};
	objectVersion = 50;
	objects = {

/* Begin PBXBuildFile section */
		42B5D84A3488D6987A56F085 /* Pods_currency_trip.framework in Frameworks */ = {isa = PBXBuildFile; fileRef = B8D00DCA3D1D84480CE892D7 /* Pods_currency_trip.framework */; };
		8433A3EF22A455BD009FA888 /* AppDelegate.swift in Sources */ = {isa = PBXBuildFile; fileRef = 8433A3EE22A455BD009FA888 /* AppDelegate.swift */; };
		8433A3F322A455BD009FA888 /* CurrenciesViewController.swift in Sources */ = {isa = PBXBuildFile; fileRef = 8433A3F222A455BD009FA888 /* CurrenciesViewController.swift */; };
		8433A3F622A455BD009FA888 /* Main.storyboard in Resources */ = {isa = PBXBuildFile; fileRef = 8433A3F422A455BD009FA888 /* Main.storyboard */; };
		8433A3F822A455BE009FA888 /* Assets.xcassets in Resources */ = {isa = PBXBuildFile; fileRef = 8433A3F722A455BE009FA888 /* Assets.xcassets */; };
		8433A3FB22A455BE009FA888 /* LaunchScreen.storyboard in Resources */ = {isa = PBXBuildFile; fileRef = 8433A3F922A455BE009FA888 /* LaunchScreen.storyboard */; };
		8433A40622A455BE009FA888 /* currency_tripTests.swift in Sources */ = {isa = PBXBuildFile; fileRef = 8433A40522A455BE009FA888 /* currency_tripTests.swift */; };
		8433A41122A455BE009FA888 /* currency_tripUITests.swift in Sources */ = {isa = PBXBuildFile; fileRef = 8433A41022A455BE009FA888 /* currency_tripUITests.swift */; };
		8448266022A460EF000621AA /* ConverterPresenter.swift in Sources */ = {isa = PBXBuildFile; fileRef = 8448265A22A460EF000621AA /* ConverterPresenter.swift */; };
		8448266122A460EF000621AA /* ConverterWorker.swift in Sources */ = {isa = PBXBuildFile; fileRef = 8448265B22A460EF000621AA /* ConverterWorker.swift */; };
		8448266222A460EF000621AA /* ConverterRouter.swift in Sources */ = {isa = PBXBuildFile; fileRef = 8448265C22A460EF000621AA /* ConverterRouter.swift */; };
		8448266322A460EF000621AA /* ConverterModels.swift in Sources */ = {isa = PBXBuildFile; fileRef = 8448265D22A460EF000621AA /* ConverterModels.swift */; };
		8448266422A460EF000621AA /* ConverterViewController.swift in Sources */ = {isa = PBXBuildFile; fileRef = 8448265E22A460EF000621AA /* ConverterViewController.swift */; };
		8448266522A460EF000621AA /* ConverterInteractor.swift in Sources */ = {isa = PBXBuildFile; fileRef = 8448265F22A460EF000621AA /* ConverterInteractor.swift */; };
		8448266922A46DA9000621AA /* CountryFlagsApi.swift in Sources */ = {isa = PBXBuildFile; fileRef = 8448266822A46DA9000621AA /* CountryFlagsApi.swift */; };
		8448266B22A48443000621AA /* CurrencyTripApi.swift in Sources */ = {isa = PBXBuildFile; fileRef = 8448266A22A48443000621AA /* CurrencyTripApi.swift */; };
		8448267022A4B86B000621AA /* CurrenciesInteractor.swift in Sources */ = {isa = PBXBuildFile; fileRef = 8448266F22A4B86B000621AA /* CurrenciesInteractor.swift */; };
		8448267222A4D0F4000621AA /* Converter.storyboard in Resources */ = {isa = PBXBuildFile; fileRef = 8448267122A4D0F4000621AA /* Converter.storyboard */; };
		8448267522A4DBDA000621AA /* Localizable.strings in Resources */ = {isa = PBXBuildFile; fileRef = 8448267422A4DBDA000621AA /* Localizable.strings */; };
		E05871B73BCE856A9C92C9F1 /* Pods_currency_tripUITests.framework in Frameworks */ = {isa = PBXBuildFile; fileRef = 746902169A22F50B49C298CF /* Pods_currency_tripUITests.framework */; };
		F14E4226E45AF0536E7A0136 /* Pods_currency_tripTests.framework in Frameworks */ = {isa = PBXBuildFile; fileRef = 60DAE54C621035E91A9A1D27 /* Pods_currency_tripTests.framework */; };
/* End PBXBuildFile section */

/* Begin PBXContainerItemProxy section */
		8433A40222A455BE009FA888 /* PBXContainerItemProxy */ = {
			isa = PBXContainerItemProxy;
			containerPortal = 8433A3E322A455BD009FA888 /* Project object */;
			proxyType = 1;
			remoteGlobalIDString = 8433A3EA22A455BD009FA888;
			remoteInfo = "currency trip";
		};
		8433A40D22A455BE009FA888 /* PBXContainerItemProxy */ = {
			isa = PBXContainerItemProxy;
			containerPortal = 8433A3E322A455BD009FA888 /* Project object */;
			proxyType = 1;
			remoteGlobalIDString = 8433A3EA22A455BD009FA888;
			remoteInfo = "currency trip";
		};
/* End PBXContainerItemProxy section */

/* Begin PBXFileReference section */
		52BAA97C11279656C92B0604 /* Pods-currency tripUITests.release.xcconfig */ = {isa = PBXFileReference; includeInIndex = 1; lastKnownFileType = text.xcconfig; name = "Pods-currency tripUITests.release.xcconfig"; path = "Pods/Target Support Files/Pods-currency tripUITests/Pods-currency tripUITests.release.xcconfig"; sourceTree = "<group>"; };
		60DAE54C621035E91A9A1D27 /* Pods_currency_tripTests.framework */ = {isa = PBXFileReference; explicitFileType = wrapper.framework; includeInIndex = 0; path = Pods_currency_tripTests.framework; sourceTree = BUILT_PRODUCTS_DIR; };
		7076CCFBB66002BEF59ACD5C /* Pods-currency trip.release.xcconfig */ = {isa = PBXFileReference; includeInIndex = 1; lastKnownFileType = text.xcconfig; name = "Pods-currency trip.release.xcconfig"; path = "Pods/Target Support Files/Pods-currency trip/Pods-currency trip.release.xcconfig"; sourceTree = "<group>"; };
		746902169A22F50B49C298CF /* Pods_currency_tripUITests.framework */ = {isa = PBXFileReference; explicitFileType = wrapper.framework; includeInIndex = 0; path = Pods_currency_tripUITests.framework; sourceTree = BUILT_PRODUCTS_DIR; };
		8433A3EB22A455BD009FA888 /* currency trip.app */ = {isa = PBXFileReference; explicitFileType = wrapper.application; includeInIndex = 0; path = "currency trip.app"; sourceTree = BUILT_PRODUCTS_DIR; };
		8433A3EE22A455BD009FA888 /* AppDelegate.swift */ = {isa = PBXFileReference; lastKnownFileType = sourcecode.swift; path = AppDelegate.swift; sourceTree = "<group>"; };
		8433A3F222A455BD009FA888 /* CurrenciesViewController.swift */ = {isa = PBXFileReference; lastKnownFileType = sourcecode.swift; path = CurrenciesViewController.swift; sourceTree = "<group>"; };
		8433A3F522A455BD009FA888 /* Base */ = {isa = PBXFileReference; lastKnownFileType = file.storyboard; name = Base; path = Base.lproj/Main.storyboard; sourceTree = "<group>"; };
		8433A3F722A455BE009FA888 /* Assets.xcassets */ = {isa = PBXFileReference; lastKnownFileType = folder.assetcatalog; path = Assets.xcassets; sourceTree = "<group>"; };
		8433A3FA22A455BE009FA888 /* Base */ = {isa = PBXFileReference; lastKnownFileType = file.storyboard; name = Base; path = Base.lproj/LaunchScreen.storyboard; sourceTree = "<group>"; };
		8433A3FC22A455BE009FA888 /* Info.plist */ = {isa = PBXFileReference; lastKnownFileType = text.plist.xml; path = Info.plist; sourceTree = "<group>"; };
		8433A40122A455BE009FA888 /* currency tripTests.xctest */ = {isa = PBXFileReference; explicitFileType = wrapper.cfbundle; includeInIndex = 0; path = "currency tripTests.xctest"; sourceTree = BUILT_PRODUCTS_DIR; };
		8433A40522A455BE009FA888 /* currency_tripTests.swift */ = {isa = PBXFileReference; lastKnownFileType = sourcecode.swift; path = currency_tripTests.swift; sourceTree = "<group>"; };
		8433A40722A455BE009FA888 /* Info.plist */ = {isa = PBXFileReference; lastKnownFileType = text.plist.xml; path = Info.plist; sourceTree = "<group>"; };
		8433A40C22A455BE009FA888 /* currency tripUITests.xctest */ = {isa = PBXFileReference; explicitFileType = wrapper.cfbundle; includeInIndex = 0; path = "currency tripUITests.xctest"; sourceTree = BUILT_PRODUCTS_DIR; };
		8433A41022A455BE009FA888 /* currency_tripUITests.swift */ = {isa = PBXFileReference; lastKnownFileType = sourcecode.swift; path = currency_tripUITests.swift; sourceTree = "<group>"; };
		8433A41222A455BE009FA888 /* Info.plist */ = {isa = PBXFileReference; lastKnownFileType = text.plist.xml; path = Info.plist; sourceTree = "<group>"; };
		8448265A22A460EF000621AA /* ConverterPresenter.swift */ = {isa = PBXFileReference; lastKnownFileType = sourcecode.swift; path = ConverterPresenter.swift; sourceTree = "<group>"; };
		8448265B22A460EF000621AA /* ConverterWorker.swift */ = {isa = PBXFileReference; lastKnownFileType = sourcecode.swift; path = ConverterWorker.swift; sourceTree = "<group>"; };
		8448265C22A460EF000621AA /* ConverterRouter.swift */ = {isa = PBXFileReference; lastKnownFileType = sourcecode.swift; path = ConverterRouter.swift; sourceTree = "<group>"; };
		8448265D22A460EF000621AA /* ConverterModels.swift */ = {isa = PBXFileReference; lastKnownFileType = sourcecode.swift; path = ConverterModels.swift; sourceTree = "<group>"; };
		8448265E22A460EF000621AA /* ConverterViewController.swift */ = {isa = PBXFileReference; lastKnownFileType = sourcecode.swift; path = ConverterViewController.swift; sourceTree = "<group>"; };
		8448265F22A460EF000621AA /* ConverterInteractor.swift */ = {isa = PBXFileReference; lastKnownFileType = sourcecode.swift; path = ConverterInteractor.swift; sourceTree = "<group>"; };
		8448266822A46DA9000621AA /* CountryFlagsApi.swift */ = {isa = PBXFileReference; lastKnownFileType = sourcecode.swift; path = CountryFlagsApi.swift; sourceTree = "<group>"; };
		8448266A22A48443000621AA /* CurrencyTripApi.swift */ = {isa = PBXFileReference; lastKnownFileType = sourcecode.swift; path = CurrencyTripApi.swift; sourceTree = "<group>"; };
		8448266F22A4B86B000621AA /* CurrenciesInteractor.swift */ = {isa = PBXFileReference; lastKnownFileType = sourcecode.swift; path = CurrenciesInteractor.swift; sourceTree = "<group>"; };
		8448267122A4D0F4000621AA /* Converter.storyboard */ = {isa = PBXFileReference; lastKnownFileType = file.storyboard; path = Converter.storyboard; sourceTree = "<group>"; };
		8448267422A4DBDA000621AA /* Localizable.strings */ = {isa = PBXFileReference; lastKnownFileType = text.plist.strings; path = Localizable.strings; sourceTree = "<group>"; };
		8BBF1FB8DE0799E9FE8E67C2 /* Pods-currency tripUITests.debug.xcconfig */ = {isa = PBXFileReference; includeInIndex = 1; lastKnownFileType = text.xcconfig; name = "Pods-currency tripUITests.debug.xcconfig"; path = "Pods/Target Support Files/Pods-currency tripUITests/Pods-currency tripUITests.debug.xcconfig"; sourceTree = "<group>"; };
		B6AAFCBDBBD4900E6AF1F214 /* Pods-currency tripTests.debug.xcconfig */ = {isa = PBXFileReference; includeInIndex = 1; lastKnownFileType = text.xcconfig; name = "Pods-currency tripTests.debug.xcconfig"; path = "Pods/Target Support Files/Pods-currency tripTests/Pods-currency tripTests.debug.xcconfig"; sourceTree = "<group>"; };
		B8D00DCA3D1D84480CE892D7 /* Pods_currency_trip.framework */ = {isa = PBXFileReference; explicitFileType = wrapper.framework; includeInIndex = 0; path = Pods_currency_trip.framework; sourceTree = BUILT_PRODUCTS_DIR; };
		E0C2CC0D69C42E3DF7EE5F74 /* Pods-currency tripTests.release.xcconfig */ = {isa = PBXFileReference; includeInIndex = 1; lastKnownFileType = text.xcconfig; name = "Pods-currency tripTests.release.xcconfig"; path = "Pods/Target Support Files/Pods-currency tripTests/Pods-currency tripTests.release.xcconfig"; sourceTree = "<group>"; };
		EAF45C8F68FD98F5C7E6E00B /* Pods-currency trip.debug.xcconfig */ = {isa = PBXFileReference; includeInIndex = 1; lastKnownFileType = text.xcconfig; name = "Pods-currency trip.debug.xcconfig"; path = "Pods/Target Support Files/Pods-currency trip/Pods-currency trip.debug.xcconfig"; sourceTree = "<group>"; };
/* End PBXFileReference section */

/* Begin PBXFrameworksBuildPhase section */
		8433A3E822A455BD009FA888 /* Frameworks */ = {
			isa = PBXFrameworksBuildPhase;
			buildActionMask = 2147483647;
			files = (
				42B5D84A3488D6987A56F085 /* Pods_currency_trip.framework in Frameworks */,
			);
			runOnlyForDeploymentPostprocessing = 0;
		};
		8433A3FE22A455BE009FA888 /* Frameworks */ = {
			isa = PBXFrameworksBuildPhase;
			buildActionMask = 2147483647;
			files = (
				F14E4226E45AF0536E7A0136 /* Pods_currency_tripTests.framework in Frameworks */,
			);
			runOnlyForDeploymentPostprocessing = 0;
		};
		8433A40922A455BE009FA888 /* Frameworks */ = {
			isa = PBXFrameworksBuildPhase;
			buildActionMask = 2147483647;
			files = (
				E05871B73BCE856A9C92C9F1 /* Pods_currency_tripUITests.framework in Frameworks */,
			);
			runOnlyForDeploymentPostprocessing = 0;
		};
/* End PBXFrameworksBuildPhase section */

/* Begin PBXGroup section */
		8433A3E222A455BD009FA888 = {
			isa = PBXGroup;
			children = (
				8433A3ED22A455BD009FA888 /* currency trip */,
				8433A40422A455BE009FA888 /* currency tripTests */,
				8433A40F22A455BE009FA888 /* currency tripUITests */,
				8433A3EC22A455BD009FA888 /* Products */,
				CCB462914C507DBB323F6064 /* Pods */,
				BF4E4C838F909A80BAA00C69 /* Frameworks */,
			);
			sourceTree = "<group>";
		};
		8433A3EC22A455BD009FA888 /* Products */ = {
			isa = PBXGroup;
			children = (
				8433A3EB22A455BD009FA888 /* currency trip.app */,
				8433A40122A455BE009FA888 /* currency tripTests.xctest */,
				8433A40C22A455BE009FA888 /* currency tripUITests.xctest */,
			);
			name = Products;
			sourceTree = "<group>";
		};
		8433A3ED22A455BD009FA888 /* currency trip */ = {
			isa = PBXGroup;
			children = (
				8448266622A46D5A000621AA /* Core */,
				8448265822A4607A000621AA /* Scenes */,
				8448267322A4DBB3000621AA /* Resources */,
				8433A3EE22A455BD009FA888 /* AppDelegate.swift */,
				8433A3F222A455BD009FA888 /* CurrenciesViewController.swift */,
				8433A3F422A455BD009FA888 /* Main.storyboard */,
				8433A3F722A455BE009FA888 /* Assets.xcassets */,
				8433A3F922A455BE009FA888 /* LaunchScreen.storyboard */,
				8433A3FC22A455BE009FA888 /* Info.plist */,
			);
			path = "currency trip";
			sourceTree = "<group>";
		};
		8433A40422A455BE009FA888 /* currency tripTests */ = {
			isa = PBXGroup;
			children = (
				8448266C22A49E7D000621AA /* Scenes */,
				8433A40722A455BE009FA888 /* Info.plist */,
			);
			path = "currency tripTests";
			sourceTree = "<group>";
		};
		8433A40F22A455BE009FA888 /* currency tripUITests */ = {
			isa = PBXGroup;
			children = (
				8433A41022A455BE009FA888 /* currency_tripUITests.swift */,
				8433A41222A455BE009FA888 /* Info.plist */,
			);
			path = "currency tripUITests";
			sourceTree = "<group>";
		};
		8448265822A4607A000621AA /* Scenes */ = {
			isa = PBXGroup;
			children = (
				8448266E22A4B857000621AA /* Currencies */,
				8448265922A46087000621AA /* Converter */,
			);
			path = Scenes;
			sourceTree = "<group>";
		};
		8448265922A46087000621AA /* Converter */ = {
			isa = PBXGroup;
			children = (
				8448265A22A460EF000621AA /* ConverterPresenter.swift */,
				8448265B22A460EF000621AA /* ConverterWorker.swift */,
				8448265C22A460EF000621AA /* ConverterRouter.swift */,
				8448265D22A460EF000621AA /* ConverterModels.swift */,
				8448265E22A460EF000621AA /* ConverterViewController.swift */,
				8448265F22A460EF000621AA /* ConverterInteractor.swift */,
				8448267122A4D0F4000621AA /* Converter.storyboard */,
			);
			path = Converter;
			sourceTree = "<group>";
		};
		8448266622A46D5A000621AA /* Core */ = {
			isa = PBXGroup;
			children = (
				8448266722A46D6D000621AA /* Services */,
			);
			path = Core;
			sourceTree = "<group>";
		};
		8448266722A46D6D000621AA /* Services */ = {
			isa = PBXGroup;
			children = (
				8448266822A46DA9000621AA /* CountryFlagsApi.swift */,
				8448266A22A48443000621AA /* CurrencyTripApi.swift */,
			);
			path = Services;
			sourceTree = "<group>";
		};
		8448266C22A49E7D000621AA /* Scenes */ = {
			isa = PBXGroup;
			children = (
				8448266D22A49E83000621AA /* Converter */,
			);
			path = Scenes;
			sourceTree = "<group>";
		};
		8448266D22A49E83000621AA /* Converter */ = {
			isa = PBXGroup;
			children = (
				8433A40522A455BE009FA888 /* currency_tripTests.swift */,
			);
			path = Converter;
			sourceTree = "<group>";
		};
		8448266E22A4B857000621AA /* Currencies */ = {
			isa = PBXGroup;
			children = (
				8448266F22A4B86B000621AA /* CurrenciesInteractor.swift */,
			);
			path = Currencies;
			sourceTree = "<group>";
		};
		8448267322A4DBB3000621AA /* Resources */ = {
			isa = PBXGroup;
			children = (
				8448267422A4DBDA000621AA /* Localizable.strings */,
			);
			path = Resources;
			sourceTree = "<group>";
		};
		BF4E4C838F909A80BAA00C69 /* Frameworks */ = {
			isa = PBXGroup;
			children = (
				B8D00DCA3D1D84480CE892D7 /* Pods_currency_trip.framework */,
				60DAE54C621035E91A9A1D27 /* Pods_currency_tripTests.framework */,
				746902169A22F50B49C298CF /* Pods_currency_tripUITests.framework */,
			);
			name = Frameworks;
			sourceTree = "<group>";
		};
		CCB462914C507DBB323F6064 /* Pods */ = {
			isa = PBXGroup;
			children = (
				EAF45C8F68FD98F5C7E6E00B /* Pods-currency trip.debug.xcconfig */,
				7076CCFBB66002BEF59ACD5C /* Pods-currency trip.release.xcconfig */,
				B6AAFCBDBBD4900E6AF1F214 /* Pods-currency tripTests.debug.xcconfig */,
				E0C2CC0D69C42E3DF7EE5F74 /* Pods-currency tripTests.release.xcconfig */,
				8BBF1FB8DE0799E9FE8E67C2 /* Pods-currency tripUITests.debug.xcconfig */,
				52BAA97C11279656C92B0604 /* Pods-currency tripUITests.release.xcconfig */,
			);
			name = Pods;
			sourceTree = "<group>";
		};
/* End PBXGroup section */

/* Begin PBXNativeTarget section */
		8433A3EA22A455BD009FA888 /* currency trip */ = {
			isa = PBXNativeTarget;
			buildConfigurationList = 8433A41522A455BE009FA888 /* Build configuration list for PBXNativeTarget "currency trip" */;
			buildPhases = (
				8E18C9A60939B72E43BFCAED /* [CP] Check Pods Manifest.lock */,
				8433A3E722A455BD009FA888 /* Sources */,
				8433A3E822A455BD009FA888 /* Frameworks */,
				8433A3E922A455BD009FA888 /* Resources */,
			);
			buildRules = (
			);
			dependencies = (
			);
			name = "currency trip";
			productName = "currency trip";
			productReference = 8433A3EB22A455BD009FA888 /* currency trip.app */;
			productType = "com.apple.product-type.application";
		};
		8433A40022A455BE009FA888 /* currency tripTests */ = {
			isa = PBXNativeTarget;
			buildConfigurationList = 8433A41822A455BE009FA888 /* Build configuration list for PBXNativeTarget "currency tripTests" */;
			buildPhases = (
				F4E2E2E688DDD91089768C1C /* [CP] Check Pods Manifest.lock */,
				8433A3FD22A455BE009FA888 /* Sources */,
				8433A3FE22A455BE009FA888 /* Frameworks */,
				8433A3FF22A455BE009FA888 /* Resources */,
			);
			buildRules = (
			);
			dependencies = (
				8433A40322A455BE009FA888 /* PBXTargetDependency */,
			);
			name = "currency tripTests";
			productName = "currency tripTests";
			productReference = 8433A40122A455BE009FA888 /* currency tripTests.xctest */;
			productType = "com.apple.product-type.bundle.unit-test";
		};
		8433A40B22A455BE009FA888 /* currency tripUITests */ = {
			isa = PBXNativeTarget;
			buildConfigurationList = 8433A41B22A455BE009FA888 /* Build configuration list for PBXNativeTarget "currency tripUITests" */;
			buildPhases = (
				0214A0AA11A9824C3E6F112F /* [CP] Check Pods Manifest.lock */,
				8433A40822A455BE009FA888 /* Sources */,
				8433A40922A455BE009FA888 /* Frameworks */,
				8433A40A22A455BE009FA888 /* Resources */,
			);
			buildRules = (
			);
			dependencies = (
				8433A40E22A455BE009FA888 /* PBXTargetDependency */,
			);
			name = "currency tripUITests";
			productName = "currency tripUITests";
			productReference = 8433A40C22A455BE009FA888 /* currency tripUITests.xctest */;
			productType = "com.apple.product-type.bundle.ui-testing";
		};
/* End PBXNativeTarget section */

/* Begin PBXProject section */
		8433A3E322A455BD009FA888 /* Project object */ = {
			isa = PBXProject;
			attributes = {
				LastSwiftUpdateCheck = 1010;
				LastUpgradeCheck = 1010;
				ORGANIZATIONNAME = "Guillermo Costa";
				TargetAttributes = {
					8433A3EA22A455BD009FA888 = {
						CreatedOnToolsVersion = 10.1;
					};
					8433A40022A455BE009FA888 = {
						CreatedOnToolsVersion = 10.1;
						TestTargetID = 8433A3EA22A455BD009FA888;
					};
					8433A40B22A455BE009FA888 = {
						CreatedOnToolsVersion = 10.1;
						TestTargetID = 8433A3EA22A455BD009FA888;
					};
				};
			};
			buildConfigurationList = 8433A3E622A455BD009FA888 /* Build configuration list for PBXProject "currency trip" */;
			compatibilityVersion = "Xcode 9.3";
			developmentRegion = en;
			hasScannedForEncodings = 0;
			knownRegions = (
				en,
				Base,
			);
			mainGroup = 8433A3E222A455BD009FA888;
			productRefGroup = 8433A3EC22A455BD009FA888 /* Products */;
			projectDirPath = "";
			projectRoot = "";
			targets = (
				8433A3EA22A455BD009FA888 /* currency trip */,
				8433A40022A455BE009FA888 /* currency tripTests */,
				8433A40B22A455BE009FA888 /* currency tripUITests */,
			);
		};
/* End PBXProject section */

/* Begin PBXResourcesBuildPhase section */
		8433A3E922A455BD009FA888 /* Resources */ = {
			isa = PBXResourcesBuildPhase;
			buildActionMask = 2147483647;
			files = (
				8448267522A4DBDA000621AA /* Localizable.strings in Resources */,
				8433A3FB22A455BE009FA888 /* LaunchScreen.storyboard in Resources */,
				8433A3F822A455BE009FA888 /* Assets.xcassets in Resources */,
				8433A3F622A455BD009FA888 /* Main.storyboard in Resources */,
				8448267222A4D0F4000621AA /* Converter.storyboard in Resources */,
			);
			runOnlyForDeploymentPostprocessing = 0;
		};
		8433A3FF22A455BE009FA888 /* Resources */ = {
			isa = PBXResourcesBuildPhase;
			buildActionMask = 2147483647;
			files = (
			);
			runOnlyForDeploymentPostprocessing = 0;
		};
		8433A40A22A455BE009FA888 /* Resources */ = {
			isa = PBXResourcesBuildPhase;
			buildActionMask = 2147483647;
			files = (
			);
			runOnlyForDeploymentPostprocessing = 0;
		};
/* End PBXResourcesBuildPhase section */

/* Begin PBXShellScriptBuildPhase section */
		0214A0AA11A9824C3E6F112F /* [CP] Check Pods Manifest.lock */ = {
			isa = PBXShellScriptBuildPhase;
			buildActionMask = 2147483647;
			files = (
			);
			inputFileListPaths = (
			);
			inputPaths = (
				"${PODS_PODFILE_DIR_PATH}/Podfile.lock",
				"${PODS_ROOT}/Manifest.lock",
			);
			name = "[CP] Check Pods Manifest.lock";
			outputFileListPaths = (
			);
			outputPaths = (
				"$(DERIVED_FILE_DIR)/Pods-currency tripUITests-checkManifestLockResult.txt",
			);
			runOnlyForDeploymentPostprocessing = 0;
			shellPath = /bin/sh;
			shellScript = "diff \"${PODS_PODFILE_DIR_PATH}/Podfile.lock\" \"${PODS_ROOT}/Manifest.lock\" > /dev/null\nif [ $? != 0 ] ; then\n    # print error to STDERR\n    echo \"error: The sandbox is not in sync with the Podfile.lock. Run 'pod install' or update your CocoaPods installation.\" >&2\n    exit 1\nfi\n# This output is used by Xcode 'outputs' to avoid re-running this script phase.\necho \"SUCCESS\" > \"${SCRIPT_OUTPUT_FILE_0}\"\n";
			showEnvVarsInLog = 0;
		};
		8E18C9A60939B72E43BFCAED /* [CP] Check Pods Manifest.lock */ = {
			isa = PBXShellScriptBuildPhase;
			buildActionMask = 2147483647;
			files = (
			);
			inputFileListPaths = (
			);
			inputPaths = (
				"${PODS_PODFILE_DIR_PATH}/Podfile.lock",
				"${PODS_ROOT}/Manifest.lock",
			);
			name = "[CP] Check Pods Manifest.lock";
			outputFileListPaths = (
			);
			outputPaths = (
				"$(DERIVED_FILE_DIR)/Pods-currency trip-checkManifestLockResult.txt",
			);
			runOnlyForDeploymentPostprocessing = 0;
			shellPath = /bin/sh;
			shellScript = "diff \"${PODS_PODFILE_DIR_PATH}/Podfile.lock\" \"${PODS_ROOT}/Manifest.lock\" > /dev/null\nif [ $? != 0 ] ; then\n    # print error to STDERR\n    echo \"error: The sandbox is not in sync with the Podfile.lock. Run 'pod install' or update your CocoaPods installation.\" >&2\n    exit 1\nfi\n# This output is used by Xcode 'outputs' to avoid re-running this script phase.\necho \"SUCCESS\" > \"${SCRIPT_OUTPUT_FILE_0}\"\n";
			showEnvVarsInLog = 0;
		};
		F4E2E2E688DDD91089768C1C /* [CP] Check Pods Manifest.lock */ = {
			isa = PBXShellScriptBuildPhase;
			buildActionMask = 2147483647;
			files = (
			);
			inputFileListPaths = (
			);
			inputPaths = (
				"${PODS_PODFILE_DIR_PATH}/Podfile.lock",
				"${PODS_ROOT}/Manifest.lock",
			);
			name = "[CP] Check Pods Manifest.lock";
			outputFileListPaths = (
			);
			outputPaths = (
				"$(DERIVED_FILE_DIR)/Pods-currency tripTests-checkManifestLockResult.txt",
			);
			runOnlyForDeploymentPostprocessing = 0;
			shellPath = /bin/sh;
			shellScript = "diff \"${PODS_PODFILE_DIR_PATH}/Podfile.lock\" \"${PODS_ROOT}/Manifest.lock\" > /dev/null\nif [ $? != 0 ] ; then\n    # print error to STDERR\n    echo \"error: The sandbox is not in sync with the Podfile.lock. Run 'pod install' or update your CocoaPods installation.\" >&2\n    exit 1\nfi\n# This output is used by Xcode 'outputs' to avoid re-running this script phase.\necho \"SUCCESS\" > \"${SCRIPT_OUTPUT_FILE_0}\"\n";
			showEnvVarsInLog = 0;
		};
/* End PBXShellScriptBuildPhase section */

/* Begin PBXSourcesBuildPhase section */
		8433A3E722A455BD009FA888 /* Sources */ = {
			isa = PBXSourcesBuildPhase;
			buildActionMask = 2147483647;
			files = (
				8433A3F322A455BD009FA888 /* CurrenciesViewController.swift in Sources */,
				8448267022A4B86B000621AA /* CurrenciesInteractor.swift in Sources */,
				8433A3EF22A455BD009FA888 /* AppDelegate.swift in Sources */,
				8448266922A46DA9000621AA /* CountryFlagsApi.swift in Sources */,
				8448266122A460EF000621AA /* ConverterWorker.swift in Sources */,
				8448266522A460EF000621AA /* ConverterInteractor.swift in Sources */,
				8448266022A460EF000621AA /* ConverterPresenter.swift in Sources */,
				8448266B22A48443000621AA /* CurrencyTripApi.swift in Sources */,
				8448266322A460EF000621AA /* ConverterModels.swift in Sources */,
				8448266222A460EF000621AA /* ConverterRouter.swift in Sources */,
				8448266422A460EF000621AA /* ConverterViewController.swift in Sources */,
			);
			runOnlyForDeploymentPostprocessing = 0;
		};
		8433A3FD22A455BE009FA888 /* Sources */ = {
			isa = PBXSourcesBuildPhase;
			buildActionMask = 2147483647;
			files = (
				8433A40622A455BE009FA888 /* currency_tripTests.swift in Sources */,
			);
			runOnlyForDeploymentPostprocessing = 0;
		};
		8433A40822A455BE009FA888 /* Sources */ = {
			isa = PBXSourcesBuildPhase;
			buildActionMask = 2147483647;
			files = (
				8433A41122A455BE009FA888 /* currency_tripUITests.swift in Sources */,
			);
			runOnlyForDeploymentPostprocessing = 0;
		};
/* End PBXSourcesBuildPhase section */

/* Begin PBXTargetDependency section */
		8433A40322A455BE009FA888 /* PBXTargetDependency */ = {
			isa = PBXTargetDependency;
			target = 8433A3EA22A455BD009FA888 /* currency trip */;
			targetProxy = 8433A40222A455BE009FA888 /* PBXContainerItemProxy */;
		};
		8433A40E22A455BE009FA888 /* PBXTargetDependency */ = {
			isa = PBXTargetDependency;
			target = 8433A3EA22A455BD009FA888 /* currency trip */;
			targetProxy = 8433A40D22A455BE009FA888 /* PBXContainerItemProxy */;
		};
/* End PBXTargetDependency section */

/* Begin PBXVariantGroup section */
		8433A3F422A455BD009FA888 /* Main.storyboard */ = {
			isa = PBXVariantGroup;
			children = (
				8433A3F522A455BD009FA888 /* Base */,
			);
			name = Main.storyboard;
			sourceTree = "<group>";
		};
		8433A3F922A455BE009FA888 /* LaunchScreen.storyboard */ = {
			isa = PBXVariantGroup;
			children = (
				8433A3FA22A455BE009FA888 /* Base */,
			);
			name = LaunchScreen.storyboard;
			sourceTree = "<group>";
		};
/* End PBXVariantGroup section */

/* Begin XCBuildConfiguration section */
		8433A41322A455BE009FA888 /* Debug */ = {
			isa = XCBuildConfiguration;
			buildSettings = {
				ALWAYS_SEARCH_USER_PATHS = NO;
				CLANG_ANALYZER_NONNULL = YES;
				CLANG_ANALYZER_NUMBER_OBJECT_CONVERSION = YES_AGGRESSIVE;
				CLANG_CXX_LANGUAGE_STANDARD = "gnu++14";
				CLANG_CXX_LIBRARY = "libc++";
				CLANG_ENABLE_MODULES = YES;
				CLANG_ENABLE_OBJC_ARC = YES;
				CLANG_ENABLE_OBJC_WEAK = YES;
				CLANG_WARN_BLOCK_CAPTURE_AUTORELEASING = YES;
				CLANG_WARN_BOOL_CONVERSION = YES;
				CLANG_WARN_COMMA = YES;
				CLANG_WARN_CONSTANT_CONVERSION = YES;
				CLANG_WARN_DEPRECATED_OBJC_IMPLEMENTATIONS = YES;
				CLANG_WARN_DIRECT_OBJC_ISA_USAGE = YES_ERROR;
				CLANG_WARN_DOCUMENTATION_COMMENTS = YES;
				CLANG_WARN_EMPTY_BODY = YES;
				CLANG_WARN_ENUM_CONVERSION = YES;
				CLANG_WARN_INFINITE_RECURSION = YES;
				CLANG_WARN_INT_CONVERSION = YES;
				CLANG_WARN_NON_LITERAL_NULL_CONVERSION = YES;
				CLANG_WARN_OBJC_IMPLICIT_RETAIN_SELF = YES;
				CLANG_WARN_OBJC_LITERAL_CONVERSION = YES;
				CLANG_WARN_OBJC_ROOT_CLASS = YES_ERROR;
				CLANG_WARN_RANGE_LOOP_ANALYSIS = YES;
				CLANG_WARN_STRICT_PROTOTYPES = YES;
				CLANG_WARN_SUSPICIOUS_MOVE = YES;
				CLANG_WARN_UNGUARDED_AVAILABILITY = YES_AGGRESSIVE;
				CLANG_WARN_UNREACHABLE_CODE = YES;
				CLANG_WARN__DUPLICATE_METHOD_MATCH = YES;
				CODE_SIGN_IDENTITY = "iPhone Developer";
				COPY_PHASE_STRIP = NO;
				DEBUG_INFORMATION_FORMAT = dwarf;
				ENABLE_STRICT_OBJC_MSGSEND = YES;
				ENABLE_TESTABILITY = YES;
				GCC_C_LANGUAGE_STANDARD = gnu11;
				GCC_DYNAMIC_NO_PIC = NO;
				GCC_NO_COMMON_BLOCKS = YES;
				GCC_OPTIMIZATION_LEVEL = 0;
				GCC_PREPROCESSOR_DEFINITIONS = (
					"DEBUG=1",
					"$(inherited)",
				);
				GCC_WARN_64_TO_32_BIT_CONVERSION = YES;
				GCC_WARN_ABOUT_RETURN_TYPE = YES_ERROR;
				GCC_WARN_UNDECLARED_SELECTOR = YES;
				GCC_WARN_UNINITIALIZED_AUTOS = YES_AGGRESSIVE;
				GCC_WARN_UNUSED_FUNCTION = YES;
				GCC_WARN_UNUSED_VARIABLE = YES;
				IPHONEOS_DEPLOYMENT_TARGET = 12.1;
				MTL_ENABLE_DEBUG_INFO = INCLUDE_SOURCE;
				MTL_FAST_MATH = YES;
				ONLY_ACTIVE_ARCH = YES;
				SDKROOT = iphoneos;
				SWIFT_ACTIVE_COMPILATION_CONDITIONS = DEBUG;
				SWIFT_OPTIMIZATION_LEVEL = "-Onone";
			};
			name = Debug;
		};
		8433A41422A455BE009FA888 /* Release */ = {
			isa = XCBuildConfiguration;
			buildSettings = {
				ALWAYS_SEARCH_USER_PATHS = NO;
				CLANG_ANALYZER_NONNULL = YES;
				CLANG_ANALYZER_NUMBER_OBJECT_CONVERSION = YES_AGGRESSIVE;
				CLANG_CXX_LANGUAGE_STANDARD = "gnu++14";
				CLANG_CXX_LIBRARY = "libc++";
				CLANG_ENABLE_MODULES = YES;
				CLANG_ENABLE_OBJC_ARC = YES;
				CLANG_ENABLE_OBJC_WEAK = YES;
				CLANG_WARN_BLOCK_CAPTURE_AUTORELEASING = YES;
				CLANG_WARN_BOOL_CONVERSION = YES;
				CLANG_WARN_COMMA = YES;
				CLANG_WARN_CONSTANT_CONVERSION = YES;
				CLANG_WARN_DEPRECATED_OBJC_IMPLEMENTATIONS = YES;
				CLANG_WARN_DIRECT_OBJC_ISA_USAGE = YES_ERROR;
				CLANG_WARN_DOCUMENTATION_COMMENTS = YES;
				CLANG_WARN_EMPTY_BODY = YES;
				CLANG_WARN_ENUM_CONVERSION = YES;
				CLANG_WARN_INFINITE_RECURSION = YES;
				CLANG_WARN_INT_CONVERSION = YES;
				CLANG_WARN_NON_LITERAL_NULL_CONVERSION = YES;
				CLANG_WARN_OBJC_IMPLICIT_RETAIN_SELF = YES;
				CLANG_WARN_OBJC_LITERAL_CONVERSION = YES;
				CLANG_WARN_OBJC_ROOT_CLASS = YES_ERROR;
				CLANG_WARN_RANGE_LOOP_ANALYSIS = YES;
				CLANG_WARN_STRICT_PROTOTYPES = YES;
				CLANG_WARN_SUSPICIOUS_MOVE = YES;
				CLANG_WARN_UNGUARDED_AVAILABILITY = YES_AGGRESSIVE;
				CLANG_WARN_UNREACHABLE_CODE = YES;
				CLANG_WARN__DUPLICATE_METHOD_MATCH = YES;
				CODE_SIGN_IDENTITY = "iPhone Developer";
				COPY_PHASE_STRIP = NO;
				DEBUG_INFORMATION_FORMAT = "dwarf-with-dsym";
				ENABLE_NS_ASSERTIONS = NO;
				ENABLE_STRICT_OBJC_MSGSEND = YES;
				GCC_C_LANGUAGE_STANDARD = gnu11;
				GCC_NO_COMMON_BLOCKS = YES;
				GCC_WARN_64_TO_32_BIT_CONVERSION = YES;
				GCC_WARN_ABOUT_RETURN_TYPE = YES_ERROR;
				GCC_WARN_UNDECLARED_SELECTOR = YES;
				GCC_WARN_UNINITIALIZED_AUTOS = YES_AGGRESSIVE;
				GCC_WARN_UNUSED_FUNCTION = YES;
				GCC_WARN_UNUSED_VARIABLE = YES;
				IPHONEOS_DEPLOYMENT_TARGET = 12.1;
				MTL_ENABLE_DEBUG_INFO = NO;
				MTL_FAST_MATH = YES;
				SDKROOT = iphoneos;
				SWIFT_COMPILATION_MODE = wholemodule;
				SWIFT_OPTIMIZATION_LEVEL = "-O";
				VALIDATE_PRODUCT = YES;
			};
			name = Release;
		};
		8433A41622A455BE009FA888 /* Debug */ = {
			isa = XCBuildConfiguration;
			baseConfigurationReference = EAF45C8F68FD98F5C7E6E00B /* Pods-currency trip.debug.xcconfig */;
			buildSettings = {
				ASSETCATALOG_COMPILER_APPICON_NAME = AppIcon;
				CODE_SIGN_STYLE = Automatic;
				INFOPLIST_FILE = "currency trip/Info.plist";
				LD_RUNPATH_SEARCH_PATHS = (
					"$(inherited)",
					"@executable_path/Frameworks",
				);
				PRODUCT_BUNDLE_IDENTIFIER = "org.guillodacosta.currency-trip";
				PRODUCT_NAME = "$(TARGET_NAME)";
				SWIFT_VERSION = 4.2;
				TARGETED_DEVICE_FAMILY = "1,2";
			};
			name = Debug;
		};
		8433A41722A455BE009FA888 /* Release */ = {
			isa = XCBuildConfiguration;
			baseConfigurationReference = 7076CCFBB66002BEF59ACD5C /* Pods-currency trip.release.xcconfig */;
			buildSettings = {
				ASSETCATALOG_COMPILER_APPICON_NAME = AppIcon;
				CODE_SIGN_STYLE = Automatic;
				INFOPLIST_FILE = "currency trip/Info.plist";
				LD_RUNPATH_SEARCH_PATHS = (
					"$(inherited)",
					"@executable_path/Frameworks",
				);
				PRODUCT_BUNDLE_IDENTIFIER = "org.guillodacosta.currency-trip";
				PRODUCT_NAME = "$(TARGET_NAME)";
				SWIFT_VERSION = 4.2;
				TARGETED_DEVICE_FAMILY = "1,2";
			};
			name = Release;
		};
		8433A41922A455BE009FA888 /* Debug */ = {
			isa = XCBuildConfiguration;
			baseConfigurationReference = B6AAFCBDBBD4900E6AF1F214 /* Pods-currency tripTests.debug.xcconfig */;
			buildSettings = {
				ALWAYS_EMBED_SWIFT_STANDARD_LIBRARIES = YES;
				BUNDLE_LOADER = "$(TEST_HOST)";
				CODE_SIGN_STYLE = Automatic;
				INFOPLIST_FILE = "currency tripTests/Info.plist";
				LD_RUNPATH_SEARCH_PATHS = (
					"$(inherited)",
					"@executable_path/Frameworks",
					"@loader_path/Frameworks",
				);
				PRODUCT_BUNDLE_IDENTIFIER = "com.tpaga.currency-tripTests";
				PRODUCT_NAME = "$(TARGET_NAME)";
				SWIFT_VERSION = 4.2;
				TARGETED_DEVICE_FAMILY = "1,2";
				TEST_HOST = "$(BUILT_PRODUCTS_DIR)/currency trip.app/currency trip";
			};
			name = Debug;
		};
		8433A41A22A455BE009FA888 /* Release */ = {
			isa = XCBuildConfiguration;
			baseConfigurationReference = E0C2CC0D69C42E3DF7EE5F74 /* Pods-currency tripTests.release.xcconfig */;
			buildSettings = {
				ALWAYS_EMBED_SWIFT_STANDARD_LIBRARIES = YES;
				BUNDLE_LOADER = "$(TEST_HOST)";
				CODE_SIGN_STYLE = Automatic;
				INFOPLIST_FILE = "currency tripTests/Info.plist";
				LD_RUNPATH_SEARCH_PATHS = (
					"$(inherited)",
					"@executable_path/Frameworks",
					"@loader_path/Frameworks",
				);
				PRODUCT_BUNDLE_IDENTIFIER = "com.tpaga.currency-tripTests";
				PRODUCT_NAME = "$(TARGET_NAME)";
				SWIFT_VERSION = 4.2;
				TARGETED_DEVICE_FAMILY = "1,2";
				TEST_HOST = "$(BUILT_PRODUCTS_DIR)/currency trip.app/currency trip";
			};
			name = Release;
		};
		8433A41C22A455BE009FA888 /* Debug */ = {
			isa = XCBuildConfiguration;
			baseConfigurationReference = 8BBF1FB8DE0799E9FE8E67C2 /* Pods-currency tripUITests.debug.xcconfig */;
			buildSettings = {
				ALWAYS_EMBED_SWIFT_STANDARD_LIBRARIES = YES;
				CODE_SIGN_STYLE = Automatic;
				INFOPLIST_FILE = "currency tripUITests/Info.plist";
				LD_RUNPATH_SEARCH_PATHS = (
					"$(inherited)",
					"@executable_path/Frameworks",
					"@loader_path/Frameworks",
				);
				PRODUCT_BUNDLE_IDENTIFIER = "com.tpaga.currency-tripUITests";
				PRODUCT_NAME = "$(TARGET_NAME)";
				SWIFT_VERSION = 4.2;
				TARGETED_DEVICE_FAMILY = "1,2";
				TEST_TARGET_NAME = "currency trip";
			};
			name = Debug;
		};
		8433A41D22A455BE009FA888 /* Release */ = {
			isa = XCBuildConfiguration;
			baseConfigurationReference = 52BAA97C11279656C92B0604 /* Pods-currency tripUITests.release.xcconfig */;
			buildSettings = {
				ALWAYS_EMBED_SWIFT_STANDARD_LIBRARIES = YES;
				CODE_SIGN_STYLE = Automatic;
				INFOPLIST_FILE = "currency tripUITests/Info.plist";
				LD_RUNPATH_SEARCH_PATHS = (
					"$(inherited)",
					"@executable_path/Frameworks",
					"@loader_path/Frameworks",
				);
				PRODUCT_BUNDLE_IDENTIFIER = "com.tpaga.currency-tripUITests";
				PRODUCT_NAME = "$(TARGET_NAME)";
				SWIFT_VERSION = 4.2;
				TARGETED_DEVICE_FAMILY = "1,2";
				TEST_TARGET_NAME = "currency trip";
			};
			name = Release;
		};
/* End XCBuildConfiguration section */

/* Begin XCConfigurationList section */
		8433A3E622A455BD009FA888 /* Build configuration list for PBXProject "currency trip" */ = {
			isa = XCConfigurationList;
			buildConfigurations = (
				8433A41322A455BE009FA888 /* Debug */,
				8433A41422A455BE009FA888 /* Release */,
			);
			defaultConfigurationIsVisible = 0;
			defaultConfigurationName = Release;
		};
		8433A41522A455BE009FA888 /* Build configuration list for PBXNativeTarget "currency trip" */ = {
			isa = XCConfigurationList;
			buildConfigurations = (
				8433A41622A455BE009FA888 /* Debug */,
				8433A41722A455BE009FA888 /* Release */,
			);
			defaultConfigurationIsVisible = 0;
			defaultConfigurationName = Release;
		};
		8433A41822A455BE009FA888 /* Build configuration list for PBXNativeTarget "currency tripTests" */ = {
			isa = XCConfigurationList;
			buildConfigurations = (
				8433A41922A455BE009FA888 /* Debug */,
				8433A41A22A455BE009FA888 /* Release */,
			);
			defaultConfigurationIsVisible = 0;
			defaultConfigurationName = Release;
		};
		8433A41B22A455BE009FA888 /* Build configuration list for PBXNativeTarget "currency tripUITests" */ = {
			isa = XCConfigurationList;
			buildConfigurations = (
				8433A41C22A455BE009FA888 /* Debug */,
				8433A41D22A455BE009FA888 /* Release */,
			);
			defaultConfigurationIsVisible = 0;
			defaultConfigurationName = Release;
		};
/* End XCConfigurationList section */
	};
	rootObject = 8433A3E322A455BD009FA888 /* Project object */;
}
